<?xml version="1.0" encoding="utf-8"?>
<Project ToolsVersion="17.0" xmlns="http://schemas.microsoft.com/developer/msbuild/2003">
  <ItemGroup>
    <CustomBuild Include="R:\_NOTE_\compute\cpp\control_course\线性回归\build\CMakeFiles\97e2a3551f1dda80cb11c43e5cd280aa\generate.stamp.rule">
      <Filter>CMake Rules</Filter>
    </CustomBuild>
  </ItemGroup>
  <ItemGroup>
    <Filter Include="CMake Rules">
      <UniqueIdentifier>{D4073346-607A-3821-A857-8D2F0BBFCAC5}</UniqueIdentifier>
    </Filter>
  </ItemGroup>
</Project>
